
Microsoft Visual Studio Solution File, Format Version 12.00
# Visual Studio 15
VisualStudioVersion = 15.0.28307.757
MinimumVisualStudioVersion = 10.0.40219.1
Project("{FAE04EC0-301F-11D3-BF4B-00C04F79EFBC}") = "WebApi", "WebApi\WebApi.csproj", "{86B3D6A5-3E36-4C1D-8AEA-A8F7E0071946}"
EndProject
Global
	GlobalSection(SolutionConfigurationPlatforms) = preSolution
		Debug|Any CPU = Debug|Any CPU
		Release|Any CPU = Release|Any CPU
	EndGlobalSection
	GlobalSection(ProjectConfigurationPlatforms) = postSolution
		{86B3D6A5-3E36-4C1D-8AEA-A8F7E0071946}.Debug|Any CPU.ActiveCfg = Debug|Any CPU
		{86B3D6A5-3E36-4C1D-8AEA-A8F7E0071946}.Debug|Any CPU.Build.0 = Debug|Any CPU
		{86B3D6A5-3E36-4C1D-8AEA-A8F7E0071946}.Release|Any CPU.ActiveCfg = Release|Any CPU
		{86B3D6A5-3E36-4C1D-8AEA-A8F7E0071946}.Release|Any CPU.Build.0 = Release|Any CPU
	EndGlobalSection
	GlobalSection(SolutionProperties) = preSolution
		HideSolutionNode = FALSE
	EndGlobalSection
	GlobalSection(ExtensibilityGlobals) = postSolution
		SolutionGuid = {A387013B-F26D-4CAD-AA77-D60FE1BA3493}
	EndGlobalSection
EndGlobal
